{
  "nodes": {
    "mnw": {
      "locked": {
        "lastModified": 1784154424,
        "narHash": "sha256-HRn4O1X2ShYtbq5Egji72/aemyc2cIQicjRZD9hBqM8=",
        "owner": "Gerg-L",
        "repo": "mnw",
        "rev": "0151d9fa87992cbeb67c86616fb9170dcec830b6",
        "type": "github"
      },
      "original": {
        "owner": "Gerg-L",
        "repo": "mnw",
        "type": "github"
      }
    },
    "nixpkgs": {
      "locked": {
        "lastModified": 1785318670,
        "narHash": "sha256-dN6Ou5x/+23FZLEpYP3IffO+NyJFzUlGumt1uu3MMaY=",
        "owner": "NixOS",
        "repo": "nixpkgs",
        "rev": "0954f7ee2f6bb3dc7d4e3d0d8bcb8fd4bde4cfc5",
        "type": "github"
      },
      "original": {
        "owner": "NixOS",
        "ref": "nixos-unstable",
        "repo": "nixpkgs",
        "type": "github"
      }
    },
    "root": {
      "inputs": {
        "mnw": "mnw",
        "nixpkgs": "nixpkgs"
      }
    }
  },
  "root": "root",
  "version": 7
}
