{
  "nodes": {
    "mnw": {
      "locked": {
        "lastModified": 1779567938,
        "narHash": "sha256-3c/aliHq9oXfmMSN5MZo8sk0znw9Zp+mDT3arj3xuiU=",
        "owner": "Gerg-L",
        "repo": "mnw",
        "rev": "8e71691ad38b1efa7d7488c75ab115db33e046fd",
        "type": "github"
      },
      "original": {
        "owner": "Gerg-L",
        "repo": "mnw",
        "type": "github"
      }
    },
    "nixpkgs": {
      "locked": {
        "lastModified": 1779508470,
        "narHash": "sha256-Ap9KJX+5xHIn3bPIpfNgT6MEXdAECECwo4/rmlQD74M=",
        "owner": "NixOS",
        "repo": "nixpkgs",
        "rev": "29916453413845e54a65b8a1cf996842300cd299",
        "type": "github"
      },
      "original": {
        "owner": "NixOS",
        "ref": "nixos-unstable",
        "repo": "nixpkgs",
        "type": "github"
      }
    },
    "root": {
      "inputs": {
        "mnw": "mnw",
        "nixpkgs": "nixpkgs"
      }
    }
  },
  "root": "root",
  "version": 7
}
